
Microsoft Visual Studio Solution File, Format Version 12.00
# Visual Studio 2013
VisualStudioVersion = 12.0.30723.0
MinimumVisualStudioVersion = 10.0.40219.1
Project("{FAE04EC0-301F-11D3-BF4B-00C04F79EFBC}") = "WcfJsonFormatter", "WcfJsonFormatter\WcfJsonFormatter.csproj", "{A488872B-9D9B-46A2-B0BE-DF14EB3AEB7D}"
EndProject
Project("{2150E333-8FDC-42A3-9474-1A3956D46DE8}") = ".nuget", ".nuget", "{12438D53-5C7B-4FEE-B1F2-3796315C205B}"
	ProjectSection(SolutionItems) = preProject
		.nuget\NuGet.Config = .nuget\NuGet.Config
		.nuget\NuGet.exe = .nuget\NuGet.exe
		.nuget\NuGet.targets = .nuget\NuGet.targets
	EndProjectSection
EndProject
Project("{FAE04EC0-301F-11D3-BF4B-00C04F79EFBC}") = "WcfJsonFormatter.net40", "WcfJsonFormatter.net40\WcfJsonFormatter.net40.csproj", "{B8DFFBE3-36AA-4AA4-881D-0F2EBF53094D}"
EndProject
Project("{2150E333-8FDC-42A3-9474-1A3956D46DE8}") = "src", "src", "{C14B3CA8-6ED7-4631-808F-5089B8D8277E}"
EndProject
Project("{2150E333-8FDC-42A3-9474-1A3956D46DE8}") = "test", "test", "{88B717C5-C334-4CC9-AE08-6D9CE9B6C772}"
EndProject
Project("{FAE04EC0-301F-11D3-BF4B-00C04F79EFBC}") = "WcfJsonFormatter.Test", "WcfJsonFormatter.Test\WcfJsonFormatter.Test.csproj", "{C33C4EF8-6FC0-4566-A7CF-58BF7342326D}"
EndProject
Project("{FAE04EC0-301F-11D3-BF4B-00C04F79EFBC}") = "WcfJsonFormatter.net45", "WcfJsonFormatter.net45\WcfJsonFormatter.net45.csproj", "{5E101230-2D99-4A19-9302-89ABE1FD0243}"
EndProject
Global
	GlobalSection(SolutionConfigurationPlatforms) = preSolution
		Debug|Any CPU = Debug|Any CPU
		Release|Any CPU = Release|Any CPU
	EndGlobalSection
	GlobalSection(ProjectConfigurationPlatforms) = postSolution
		{A488872B-9D9B-46A2-B0BE-DF14EB3AEB7D}.Debug|Any CPU.ActiveCfg = Debug|Any CPU
		{A488872B-9D9B-46A2-B0BE-DF14EB3AEB7D}.Debug|Any CPU.Build.0 = Debug|Any CPU
		{A488872B-9D9B-46A2-B0BE-DF14EB3AEB7D}.Release|Any CPU.ActiveCfg = Release|Any CPU
		{A488872B-9D9B-46A2-B0BE-DF14EB3AEB7D}.Release|Any CPU.Build.0 = Release|Any CPU
		{B8DFFBE3-36AA-4AA4-881D-0F2EBF53094D}.Debug|Any CPU.ActiveCfg = Debug|Any CPU
		{B8DFFBE3-36AA-4AA4-881D-0F2EBF53094D}.Debug|Any CPU.Build.0 = Debug|Any CPU
		{B8DFFBE3-36AA-4AA4-881D-0F2EBF53094D}.Release|Any CPU.ActiveCfg = Release|Any CPU
		{B8DFFBE3-36AA-4AA4-881D-0F2EBF53094D}.Release|Any CPU.Build.0 = Release|Any CPU
		{C33C4EF8-6FC0-4566-A7CF-58BF7342326D}.Debug|Any CPU.ActiveCfg = Debug|Any CPU
		{C33C4EF8-6FC0-4566-A7CF-58BF7342326D}.Debug|Any CPU.Build.0 = Debug|Any CPU
		{C33C4EF8-6FC0-4566-A7CF-58BF7342326D}.Release|Any CPU.ActiveCfg = Release|Any CPU
		{C33C4EF8-6FC0-4566-A7CF-58BF7342326D}.Release|Any CPU.Build.0 = Release|Any CPU
		{5E101230-2D99-4A19-9302-89ABE1FD0243}.Debug|Any CPU.ActiveCfg = Debug|Any CPU
		{5E101230-2D99-4A19-9302-89ABE1FD0243}.Debug|Any CPU.Build.0 = Debug|Any CPU
		{5E101230-2D99-4A19-9302-89ABE1FD0243}.Release|Any CPU.ActiveCfg = Release|Any CPU
		{5E101230-2D99-4A19-9302-89ABE1FD0243}.Release|Any CPU.Build.0 = Release|Any CPU
	EndGlobalSection
	GlobalSection(SolutionProperties) = preSolution
		HideSolutionNode = FALSE
	EndGlobalSection
	GlobalSection(NestedProjects) = preSolution
		{A488872B-9D9B-46A2-B0BE-DF14EB3AEB7D} = {C14B3CA8-6ED7-4631-808F-5089B8D8277E}
		{B8DFFBE3-36AA-4AA4-881D-0F2EBF53094D} = {C14B3CA8-6ED7-4631-808F-5089B8D8277E}
		{C33C4EF8-6FC0-4566-A7CF-58BF7342326D} = {88B717C5-C334-4CC9-AE08-6D9CE9B6C772}
		{5E101230-2D99-4A19-9302-89ABE1FD0243} = {C14B3CA8-6ED7-4631-808F-5089B8D8277E}
	EndGlobalSection
EndGlobal
